
Microsoft Visual Studio Solution File, Format Version 12.00
# Visual Studio Version 16
VisualStudioVersion = 16.0.31205.134
MinimumVisualStudioVersion = 10.0.40219.1
Project("{9A19103F-16F7-4668-BE54-9A1E7A4F7556}") = "MessageService.RestAPI", "MessageService.RestAPI\MessageService.RestAPI.csproj", "{57B6E353-ADA4-48FE-AFE4-F434133E54C4}"
EndProject
Project("{FAE04EC0-301F-11D3-BF4B-00C04F79EFBC}") = "Examples", "Examples\Examples.csproj", "{BFA6FBB0-4E3D-4447-9574-14862490915C}"
EndProject
Project("{FAE04EC0-301F-11D3-BF4B-00C04F79EFBC}") = "MessageService.RestAPI.UnitTests", "MessageService.RestAPI.UnitTests\MessageService.RestAPI.UnitTests.csproj", "{2917B1AA-B24C-4312-911C-8E30D0E50198}"
EndProject
Global
	GlobalSection(SolutionConfigurationPlatforms) = preSolution
		Debug|Any CPU = Debug|Any CPU
		Release|Any CPU = Release|Any CPU
	EndGlobalSection
	GlobalSection(ProjectConfigurationPlatforms) = postSolution
		{57B6E353-ADA4-48FE-AFE4-F434133E54C4}.Debug|Any CPU.ActiveCfg = Debug|Any CPU
		{57B6E353-ADA4-48FE-AFE4-F434133E54C4}.Debug|Any CPU.Build.0 = Debug|Any CPU
		{57B6E353-ADA4-48FE-AFE4-F434133E54C4}.Release|Any CPU.ActiveCfg = Release|Any CPU
		{57B6E353-ADA4-48FE-AFE4-F434133E54C4}.Release|Any CPU.Build.0 = Release|Any CPU
		{BFA6FBB0-4E3D-4447-9574-14862490915C}.Debug|Any CPU.ActiveCfg = Debug|Any CPU
		{BFA6FBB0-4E3D-4447-9574-14862490915C}.Debug|Any CPU.Build.0 = Debug|Any CPU
		{BFA6FBB0-4E3D-4447-9574-14862490915C}.Release|Any CPU.ActiveCfg = Release|Any CPU
		{BFA6FBB0-4E3D-4447-9574-14862490915C}.Release|Any CPU.Build.0 = Release|Any CPU
		{2917B1AA-B24C-4312-911C-8E30D0E50198}.Debug|Any CPU.ActiveCfg = Debug|Any CPU
		{2917B1AA-B24C-4312-911C-8E30D0E50198}.Debug|Any CPU.Build.0 = Debug|Any CPU
		{2917B1AA-B24C-4312-911C-8E30D0E50198}.Release|Any CPU.ActiveCfg = Release|Any CPU
		{2917B1AA-B24C-4312-911C-8E30D0E50198}.Release|Any CPU.Build.0 = Release|Any CPU
	EndGlobalSection
	GlobalSection(SolutionProperties) = preSolution
		HideSolutionNode = FALSE
	EndGlobalSection
	GlobalSection(ExtensibilityGlobals) = postSolution
		SolutionGuid = {A5D80DD3-2D23-49EF-9560-C7602EBAAD9C}
	EndGlobalSection
EndGlobal
